<?xml version="1.0" encoding="utf-8"?>
<Project ToolsVersion="4.0" xmlns="http://schemas.microsoft.com/developer/msbuild/2003">
  <ItemGroup>
    <Filter Include="code">
      <UniqueIdentifier>{23defae4-adc7-40a5-a6fe-f1dae10b67b2}</UniqueIdentifier>
    </Filter>
    <Filter Include="set">
      <UniqueIdentifier>{87ae5fc5-1710-421f-af75-b5a5dbeeb944}</UniqueIdentifier>
    </Filter>
    <Filter Include="sword">
      <UniqueIdentifier>{ffc6466b-dd28-4ac9-a23f-6bfd96722a08}</UniqueIdentifier>
    </Filter>
    <Filter Include="hot100">
      <UniqueIdentifier>{4218ad0d-889e-43c1-b81d-f15fdb6603ec}</UniqueIdentifier>
    </Filter>
  </ItemGroup>
  <ItemGroup>
    <ClCompile Include="code\21_8_28-sum_for_onedimenarray.cpp">
      <Filter>code</Filter>
    </ClCompile>
    <ClCompile Include="code\main.cpp">
      <Filter>code</Filter>
    </ClCompile>
    <ClCompile Include="code\Print.cpp">
      <Filter>code</Filter>
    </ClCompile>
    <ClCompile Include="code\21_8_29-sum_for_oddlength_array.cpp">
      <Filter>code</Filter>
    </ClCompile>
    <ClCompile Include="code\21_9_2-linedlist_get_reciprocal.cpp">
      <Filter>code</Filter>
    </ClCompile>
    <ClCompile Include="code\LinkList.cpp">
      <Filter>code</Filter>
    </ClCompile>
    <ClCompile Include="code\21_9_5-rank7_gene_rank10.cpp">
      <Filter>code</Filter>
    </ClCompile>
    <ClCompile Include="code\21_8_30-selete_num_by_weight.cpp">
      <Filter>code</Filter>
    </ClCompile>
    <ClCompile Include="code\21_9_30-area_for_retang.cpp">
      <Filter>code</Filter>
    </ClCompile>
    <ClCompile Include="code\21_10_2-dec2tohex.cpp">
      <Filter>code</Filter>
    </ClCompile>
    <ClCompile Include="code\21_10_3-fraction2todec.cpp">
      <Filter>code</Filter>
    </ClCompile>
    <ClCompile Include="code\21_10_10-sumfor_1234.cpp">
      <Filter>code</Filter>
    </ClCompile>
    <ClCompile Include="code\21_10_9-dataflow_to_array.cpp">
      <Filter>code</Filter>
    </ClCompile>
    <ClCompile Include="code\21_10_8-get_repeat_form_dna.cpp">
      <Filter>code</Filter>
    </ClCompile>
    <ClCompile Include="code\21_10_11-num_to_english_format.cpp">
      <Filter>code</Filter>
    </ClCompile>
    <ClCompile Include="code\21_11_1-distribute-candy.cpp">
      <Filter>code</Filter>
    </ClCompile>
    <ClCompile Include="code\21_10_31-words-for-keyboard.cpp">
      <Filter>code</Filter>
    </ClCompile>
    <ClCompile Include="code\21_10_30-single-number.cpp">
      <Filter>code</Filter>
    </ClCompile>
    <ClCompile Include="code\21_11_3-rainwater-connection.cpp">
      <Filter>code</Filter>
    </ClCompile>
    <ClCompile Include="code\21_11_8-game-for-guest-digital.cpp">
      <Filter>code</Filter>
    </ClCompile>
    <ClCompile Include="code\21_11_7-sum-for-range.cpp">
      <Filter>code</Filter>
    </ClCompile>
    <ClCompile Include="code\21_11_6-missing-num.cpp">
      <Filter>code</Filter>
    </ClCompile>
    <ClCompile Include="code\21_11_5-longest-arithmetic-sunsequence.cpp">
      <Filter>code</Filter>
    </ClCompile>
    <ClCompile Include="code\21_11_4-vaild-perfect-square.cpp">
      <Filter>code</Filter>
    </ClCompile>
    <ClCompile Include="code\21_11_9-zuma-gama.cpp">
      <Filter>code</Filter>
    </ClCompile>
    <ClCompile Include="code\21_11_17-maximum-product-of-word-lengths.cpp">
      <Filter>code</Filter>
    </ClCompile>
    <ClCompile Include="code\21_11_16-perfect-rectangle.cpp">
      <Filter>code</Filter>
    </ClCompile>
    <ClCompile Include="code\BinaryTree.cpp">
      <Filter>code</Filter>
    </ClCompile>
    <ClCompile Include="code\template.cpp">
      <Filter>code</Filter>
    </ClCompile>
    <ClCompile Include="code\21_11_18-binary-tree-tilt.cpp">
      <Filter>code</Filter>
    </ClCompile>
    <ClCompile Include="code\21_11_19-integer-replacement.cpp">
      <Filter>code</Filter>
    </ClCompile>
    <ClCompile Include="code\21_11_20-longest-harmonious-subsequence.cpp">
      <Filter>code</Filter>
    </ClCompile>
    <ClCompile Include="code\NAryTree.cpp">
      <Filter>code</Filter>
    </ClCompile>
    <ClCompile Include="code\21_11_21-maximux-depth-narytree.cpp">
      <Filter>code</Filter>
    </ClCompile>
    <ClCompile Include="code\21_11_15-shuffle-array.cpp">
      <Filter>code</Filter>
    </ClCompile>
    <ClCompile Include="code\21_11_22-bulb-switcher.cpp">
      <Filter>code</Filter>
    </ClCompile>
    <ClCompile Include="code\21_11_14-map-sum-pairs.cpp">
      <Filter>code</Filter>
    </ClCompile>
    <ClCompile Include="code\21_11_13-detect-capital.cpp">
      <Filter>code</Filter>
    </ClCompile>
    <ClCompile Include="code\21_11_12-guess-number-high-or-lower-ii.cpp">
      <Filter>code</Filter>
    </ClCompile>
    <ClCompile Include="code\21_11_11-k-inverse-pairs-array.cpp">
      <Filter>code</Filter>
    </ClCompile>
    <ClCompile Include="code\21_11_10-teemo-attacking.cpp">
      <Filter>code</Filter>
    </ClCompile>
    <ClCompile Include="code\21_11_23-buddy-strings.cpp">
      <Filter>code</Filter>
    </ClCompile>
    <ClCompile Include="code\21_10_29-self-crossing.cpp">
      <Filter>code</Filter>
    </ClCompile>
    <ClCompile Include="code\21_11_25-pig-die.cpp">
      <Filter>code</Filter>
    </ClCompile>
    <ClCompile Include="code\21_12_6-truncate-sentence.cpp">
      <Filter>code</Filter>
    </ClCompile>
    <ClCompile Include="code\21_12_5-super-pow.cpp">
      <Filter>code</Filter>
    </ClCompile>
    <ClCompile Include="code\21_12_7-coloring-a-border.cpp">
      <Filter>code</Filter>
    </ClCompile>
    <ClCompile Include="code\21_12_4-ransom-note.cpp">
      <Filter>code</Filter>
    </ClCompile>
    <ClCompile Include="code\21_12_3-maximize-sum-of-array-after-k-negations.cpp">
      <Filter>code</Filter>
    </ClCompile>
    <ClCompile Include="code\21_12_8-maximum-sum-of-3-non-overlapping-subarrays.cpp">
      <Filter>code</Filter>
    </ClCompile>
    <ClCompile Include="code\21_12_2-relative-ranks.cpp">
      <Filter>code</Filter>
    </ClCompile>
    <ClCompile Include="code\21_12_1-consecutive-characters.cpp">
      <Filter>code</Filter>
    </ClCompile>
    <ClCompile Include="code\21_12_9-valid-tic-tac-toe-state.cpp">
      <Filter>code</Filter>
    </ClCompile>
    <ClCompile Include="code\21_11_30-nth-digit.cpp">
      <Filter>code</Filter>
    </ClCompile>
    <ClCompile Include="code\21_11_29-k-th-smallest-prime-fraction.cpp">
      <Filter>code</Filter>
    </ClCompile>
    <ClCompile Include="code\21_11_29-hebing-paixulianbiao.cpp">
      <Filter>code</Filter>
    </ClCompile>
    <ClCompile Include="code\21_11_28-find-all-anagrams-in-a-string.cpp">
      <Filter>code</Filter>
    </ClCompile>
    <ClCompile Include="code\21_12_19-find-the-town-judeg.cpp">
      <Filter>code</Filter>
    </ClCompile>
    <ClCompile Include="code\21_12_21-day-of-the-year.cpp">
      <Filter>code</Filter>
    </ClCompile>
    <ClCompile Include="code\21_12_20-heaters.cpp">
      <Filter>code</Filter>
    </ClCompile>
    <ClCompile Include="code\22_1_1-convert-1d-array-into-2d-array.cpp">
      <Filter>code</Filter>
    </ClCompile>
    <ClCompile Include="code\22_1_2-elimination-game.cpp">
      <Filter>code</Filter>
    </ClCompile>
    <ClCompile Include="code\22_1_4-cat-and-mouse.cpp">
      <Filter>code</Filter>
    </ClCompile>
    <ClCompile Include="code\22_1_7-maximum-nesting-depth-of-the-parentheses.cpp">
      <Filter>code</Filter>
    </ClCompile>
    <ClCompile Include="code\22_1_9-slowest-key.cpp">
      <Filter>code</Filter>
    </ClCompile>
    <ClCompile Include="code\22_1_8-gray-code.cpp">
      <Filter>code</Filter>
    </ClCompile>
    <ClCompile Include="code\22_1_10-additive-number.cpp">
      <Filter>code</Filter>
    </ClCompile>
    <ClCompile Include="code\22_1_11-escape-a-large-maze.cpp">
      <Filter>code</Filter>
    </ClCompile>
    <ClCompile Include="code\22_1_15-calculate-money-in-leetcode-bank.cpp">
      <Filter>code</Filter>
    </ClCompile>
    <ClCompile Include="code\22_1_16-linked-list-random-node.cpp">
      <Filter>code</Filter>
    </ClCompile>
    <ClCompile Include="code\22_1_17-count-vowels-permutation.cpp">
      <Filter>code</Filter>
    </ClCompile>
    <ClCompile Include="code\22_1_18-minimum-time-difference.cpp">
      <Filter>code</Filter>
    </ClCompile>
    <ClCompile Include="code\22_1_19-contains-duplicate-ii.cpp">
      <Filter>code</Filter>
    </ClCompile>
    <ClCompile Include="code\22_1_20-stone-game-ix.cpp">
      <Filter>code</Filter>
    </ClCompile>
    <ClCompile Include="code\22_1_26-detect-squares.cpp">
      <Filter>code</Filter>
    </ClCompile>
    <ClCompile Include="code\22_1_25-count-of-matches-in-tournament.cpp">
      <Filter>code</Filter>
    </ClCompile>
    <ClCompile Include="code\22_1_24-second-minimum-time-to-reach-destination.cpp">
      <Filter>code</Filter>
    </ClCompile>
    <ClCompile Include="code\22_1_27-number-of-valid-words-in-a-sentence.cpp">
      <Filter>code</Filter>
    </ClCompile>
    <ClCompile Include="code\22_1_28-the-number-of-weak-characters-in-the-game.cpp">
      <Filter>code</Filter>
    </ClCompile>
    <ClCompile Include="code\22_1_23-stock-price-fluctuation.cpp">
      <Filter>code</Filter>
    </ClCompile>
    <ClCompile Include="code\22_1_30-uncommon-words-from-two-sentences.cpp">
      <Filter>code</Filter>
    </ClCompile>
    <ClCompile Include="code\22_1_29-map-of-highest-peak.cpp">
      <Filter>code</Filter>
    </ClCompile>
    <ClCompile Include="code\22_1_31-number-of-steps-to-reduce-a-number-to-zero.cpp">
      <Filter>code</Filter>
    </ClCompile>
    <ClCompile Include="code\22_2_1-zui-chang-de-mei-hao-zi-zi-fu-chuan-by-l-4l1t.cpp">
      <Filter>code</Filter>
    </ClCompile>
    <ClCompile Include="code\22_2_2-reverse-prefix-of-word.cpp">
      <Filter>code</Filter>
    </ClCompile>
    <ClCompile Include="code\22_2_1-longest-substring-with-at-least-k-repeating-characters.cpp">
      <Filter>code</Filter>
    </ClCompile>
    <ClCompile Include="code\22_2_3-find-the-minimum-number-of-fibonacci-numbers-whose-sum-is-k.cpp">
      <Filter>code</Filter>
    </ClCompile>
    <ClCompile Include="code\22_2_4-number-of-rectangles-that-can-form-the-largest-square.cpp">
      <Filter>code</Filter>
    </ClCompile>
    <ClCompile Include="code\22_2_5-path-with-maximum-gold.cpp">
      <Filter>code</Filter>
    </ClCompile>
    <ClCompile Include="code\22_2_6-sum-of-unique-elements.cpp">
      <Filter>code</Filter>
    </ClCompile>
    <ClCompile Include="code\22_2_7-longest-happy-string.cpp">
      <Filter>code</Filter>
    </ClCompile>
    <ClCompile Include="code\22_2_8-grid-illumination.cpp">
      <Filter>code</Filter>
    </ClCompile>
    <ClCompile Include="code\22_2_9-count-number-of-pairs-with-absolute-difference-k.cpp">
      <Filter>code</Filter>
    </ClCompile>
    <ClCompile Include="code\22_2_10-simplified-fractions.cpp">
      <Filter>code</Filter>
    </ClCompile>
    <ClCompile Include="code\22_2_11-minimum-difference-between-highest-and-lowest-of-k-scores.cpp">
      <Filter>code</Filter>
    </ClCompile>
    <ClCompile Include="code\22_2_12-number-of-enclaves.cpp">
      <Filter>code</Filter>
    </ClCompile>
    <ClCompile Include="code\22_2_13-maximum-number-of-balloons.cpp">
      <Filter>code</Filter>
    </ClCompile>
    <ClCompile Include="code\22_2_14-single-element-in-a-sorted-array.cpp">
      <Filter>code</Filter>
    </ClCompile>
    <ClCompile Include="code\22_2_15-lucky-numbers-in-a-matrix.cpp">
      <Filter>code</Filter>
    </ClCompile>
    <ClCompile Include="code\22_2_16-number-of-ways-to-reconstruct-a-tree.cpp">
      <Filter>code</Filter>
    </ClCompile>
    <ClCompile Include="code\22_2_17-knight-probability-in-chessboard.cpp">
      <Filter>code</Filter>
    </ClCompile>
    <ClCompile Include="code\22_2_18-find-center-of-star-graph.cpp">
      <Filter>code</Filter>
    </ClCompile>
    <ClCompile Include="code\22_1_21-jump-game-iv.cpp">
      <Filter>code</Filter>
    </ClCompile>
    <ClCompile Include="code\22_1_22-remove-palindromic-subsequences.cpp">
      <Filter>code</Filter>
    </ClCompile>
    <ClCompile Include="code\22_1_12-increasing-triplet-subsequence.cpp">
      <Filter>code</Filter>
    </ClCompile>
    <ClCompile Include="code\22_1_13-largest-number-at-least-twice-of-others.cpp">
      <Filter>code</Filter>
    </ClCompile>
    <ClCompile Include="code\22_1_14-find-k-pairs-with-smallest-sums.cpp">
      <Filter>code</Filter>
    </ClCompile>
    <ClCompile Include="code\22_1_14-kth-smallest-element-in-a-sorted-matrix.cpp">
      <Filter>code</Filter>
    </ClCompile>
    <ClCompile Include="code\22_1_14-ugly-number-ii.cpp">
      <Filter>code</Filter>
    </ClCompile>
    <ClCompile Include="code\22_1_3-day-of-the-week.cpp">
      <Filter>code</Filter>
    </ClCompile>
    <ClCompile Include="code\22_1_5-replace-all-s-to-avoid-consecutive-repeating-characters.cpp">
      <Filter>code</Filter>
    </ClCompile>
    <ClCompile Include="code\22_1_6-simplify-path.cpp">
      <Filter>code</Filter>
    </ClCompile>
    <ClCompile Include="code\21_12_10-shortest-completing-word.cpp">
      <Filter>code</Filter>
    </ClCompile>
    <ClCompile Include="code\22_2_19-pancake-sorting.cpp">
      <Filter>code</Filter>
    </ClCompile>
    <ClCompile Include="code\22_2_20-1-bit-and-2-bit-characters.cpp">
      <Filter>code</Filter>
    </ClCompile>
    <ClCompile Include="code\21_12_11-online-election.cpp">
      <Filter>code</Filter>
    </ClCompile>
    <ClCompile Include="code\21_12_12-to-lower-case.cpp">
      <Filter>code</Filter>
    </ClCompile>
    <ClCompile Include="code\21_12_13-max-increase-to-keep-city-skyline.cpp">
      <Filter>code</Filter>
    </ClCompile>
    <ClCompile Include="code\21_12_13-trapping-rain-water.cpp">
      <Filter>code</Filter>
    </ClCompile>
    <ClCompile Include="code\21_12_14-single-element-in-a-sorted-array.cpp">
      <Filter>code</Filter>
    </ClCompile>
    <ClCompile Include="code\21_12_15-lucky-numbers-in-a-matrix.cpp">
      <Filter>code</Filter>
    </ClCompile>
    <ClCompile Include="code\21_12_14-course-schedule-iii.cpp">
      <Filter>code</Filter>
    </ClCompile>
    <ClCompile Include="code\21_12_14-course-schedule.cpp">
      <Filter>code</Filter>
    </ClCompile>
    <ClCompile Include="code\22_2_21-push-dominoes.cpp">
      <Filter>code</Filter>
    </ClCompile>
    <ClCompile Include="code\22_2_22-the-number-of-good-subsets.cpp">
      <Filter>code</Filter>
    </ClCompile>
    <ClCompile Include="code\21_12_14-course-schedule-iv.cpp">
      <Filter>code</Filter>
    </ClCompile>
    <ClCompile Include="code\21_12_15-loud-and-rich.cpp">
      <Filter>code</Filter>
    </ClCompile>
    <ClCompile Include="code\22_2_23-reverse-only-letters.cpp">
      <Filter>code</Filter>
    </ClCompile>
    <ClCompile Include="code\21_12_16-maximum-number-of-visible-points.cpp">
      <Filter>code</Filter>
    </ClCompile>
    <ClCompile Include="code\21_12_17-water-bottles.cpp">
      <Filter>code</Filter>
    </ClCompile>
    <ClCompile Include="code\21_12_18-battleships-in-a-board.cpp">
      <Filter>code</Filter>
    </ClCompile>
    <ClCompile Include="code\21_12_22-repeated-string-match.cpp">
      <Filter>code</Filter>
    </ClCompile>
    <ClCompile Include="code\21_12_23-longest-duplicate-substring.cpp">
      <Filter>code</Filter>
    </ClCompile>
    <ClCompile Include="code\22_2_24-where-will-the-ball-fall.cpp">
      <Filter>code</Filter>
    </ClCompile>
    <ClCompile Include="code\22_2_25-complex-number-multiplication.cpp">
      <Filter>code</Filter>
    </ClCompile>
    <ClCompile Include="code\21_12_24-maximum-number-of-eaten-apples.cpp">
      <Filter>code</Filter>
    </ClCompile>
    <ClCompile Include="code\21_12_25-even-odd-tree.cpp">
      <Filter>code</Filter>
    </ClCompile>
    <ClCompile Include="code\21_12_26-occurrences-after-bigram.cpp">
      <Filter>code</Filter>
    </ClCompile>
    <ClCompile Include="code\21_12_27-friends-of-appropriate-ages.cpp">
      <Filter>code</Filter>
    </ClCompile>
    <ClCompile Include="code\21_12_28-concatenated-words.cpp">
      <Filter>code</Filter>
    </ClCompile>
    <ClCompile Include="code\21_12_28-implement-trie-prefix-tree.cpp">
      <Filter>code</Filter>
    </ClCompile>
    <ClCompile Include="code\22_2_27-optimal-division.cpp">
      <Filter>code</Filter>
    </ClCompile>
    <ClCompile Include="code\22_2_26-maximum-difference-between-increasing-elements.cpp">
      <Filter>code</Filter>
    </ClCompile>
    <ClCompile Include="code\22_2_28-maximum-number-of-achievable-transfer-requests.cpp">
      <Filter>code</Filter>
    </ClCompile>
    <ClCompile Include="code\21_12_29-count-special-quadruplets.cpp">
      <Filter>code</Filter>
    </ClCompile>
    <ClCompile Include="code\21_12_30-hand-of-straights.cpp">
      <Filter>code</Filter>
    </ClCompile>
    <ClCompile Include="code\21_12_31-perfect-number.cpp">
      <Filter>code</Filter>
    </ClCompile>
    <ClCompile Include="code\22_3_1-zigzag-conversion.cpp">
      <Filter>code</Filter>
    </ClCompile>
    <ClCompile Include="code\22_3_2-find-the-closest-palindrome.cpp">
      <Filter>code</Filter>
    </ClCompile>
    <ClCompile Include="code\22_3_3-add-digits.cpp">
      <Filter>code</Filter>
    </ClCompile>
    <ClCompile Include="code\21_11_26-search-in-a-binary-search-tree.cpp">
      <Filter>code</Filter>
    </ClCompile>
    <ClCompile Include="code\22_3_4-sum-of-subarray-ranges.cpp">
      <Filter>code</Filter>
    </ClCompile>
    <ClCompile Include="code\22_3_5-minimum-time-to-finish-the-race.cpp">
      <Filter>code</Filter>
    </ClCompile>
    <ClCompile Include="code\22_3_6-palindromic-substrings.cpp">
      <Filter>code</Filter>
    </ClCompile>
    <ClCompile Include="code\temp.cpp">
      <Filter>code</Filter>
    </ClCompile>
    <ClCompile Include="code\22_3_6-replace-non-coprime-numbers-in-array.cpp">
      <Filter>code</Filter>
    </ClCompile>
    <ClCompile Include="code\22_3_6-append-k-integers-with-minimal-sum.cpp">
      <Filter>code</Filter>
    </ClCompile>
    <ClCompile Include="code\22_3_6-find-good-days-to-rob-the-bank.cpp">
      <Filter>code</Filter>
    </ClCompile>
    <ClCompile Include="code\22_3_7-base-7.cpp">
      <Filter>code</Filter>
    </ClCompile>
    <ClCompile Include="set\main.cpp">
      <Filter>set</Filter>
    </ClCompile>
    <ClCompile Include="set\1-find-first-and-last-position-of-element-in-sorted-array.cpp">
      <Filter>set</Filter>
    </ClCompile>
    <ClCompile Include="code\22_3_8-plates-between-candles.cpp">
      <Filter>code</Filter>
    </ClCompile>
    <ClCompile Include="set\1-sqrtx.cpp">
      <Filter>set</Filter>
    </ClCompile>
    <ClCompile Include="set\1-valid-perfect-square.cpp">
      <Filter>set</Filter>
    </ClCompile>
    <ClCompile Include="set\1-remove-element.cpp">
      <Filter>set</Filter>
    </ClCompile>
    <ClCompile Include="set\1-minimum-size-subarray-sum.cpp">
      <Filter>set</Filter>
    </ClCompile>
    <ClCompile Include="set\1-fruit-into-baskets.cpp">
      <Filter>set</Filter>
    </ClCompile>
    <ClCompile Include="set\1-minimum-window-substring.cpp">
      <Filter>set</Filter>
    </ClCompile>
    <ClCompile Include="code\22_3_9-smallest-rotation-with-highest-score.cpp">
      <Filter>code</Filter>
    </ClCompile>
    <ClCompile Include="code\21_11_27-random-flip-matrix.cpp">
      <Filter>code</Filter>
    </ClCompile>
    <ClCompile Include="code\22_3_11-count-nodes-with-the-highest-score.cpp">
      <Filter>code</Filter>
    </ClCompile>
    <ClCompile Include="code\22_3_21-two-sum-iv-input-is-a-bst.cpp">
      <Filter>code</Filter>
    </ClCompile>
    <ClCompile Include="code\22_3_22-remove-colored-pieces-if-both-neighbors-are-the-same-color.cpp">
      <Filter>code</Filter>
    </ClCompile>
    <ClCompile Include="code\22_3_23-k-th-smallest-in-lexicographical-order.cpp">
      <Filter>code</Filter>
    </ClCompile>
    <ClCompile Include="code\22_3_24-image-smoother.cpp">
      <Filter>code</Filter>
    </ClCompile>
    <ClCompile Include="code\22_3_25-factorial-trailing-zeroes.cpp">
      <Filter>code</Filter>
    </ClCompile>
    <ClCompile Include="code\22_3_26-baseball-game.cpp">
      <Filter>code</Filter>
    </ClCompile>
    <ClCompile Include="code\22_3_27-find-missing-observations.cpp">
      <Filter>code</Filter>
    </ClCompile>
    <ClCompile Include="code\22_3_28-binary-number-with-alternating-bits.cpp">
      <Filter>code</Filter>
    </ClCompile>
    <ClCompile Include="code\22_3_29-longest-repeating-character-replacement.cpp">
      <Filter>code</Filter>
    </ClCompile>
    <ClCompile Include="code\22_3_29-max-consecutive-ones-iii.cpp">
      <Filter>code</Filter>
    </ClCompile>
    <ClCompile Include="code\22_3_29-maximize-the-confusion-of-an-exam.cpp">
      <Filter>code</Filter>
    </ClCompile>
    <ClCompile Include="code\22_3_30-find-servers-that-handled-most-number-of-requests.cpp">
      <Filter>code</Filter>
    </ClCompile>
    <ClCompile Include="sword\2-1.cpp">
      <Filter>sword</Filter>
    </ClCompile>
    <ClCompile Include="sword\26.cpp">
      <Filter>sword</Filter>
    </ClCompile>
    <ClCompile Include="sword\main.cpp">
      <Filter>sword</Filter>
    </ClCompile>
    <ClCompile Include="code\22_3_10-n-ary-tree-preorder-traversal.cpp">
      <Filter>code</Filter>
    </ClCompile>
    <ClCompile Include="code\22_3_20-the-time-when-the-network-becomes-idle.cpp">
      <Filter>code</Filter>
    </ClCompile>
    <ClCompile Include="code\22_3_31-self-dividing-numbers.cpp">
      <Filter>code</Filter>
    </ClCompile>
    <ClCompile Include="code\22_3_19-construct-string-from-binary-tree.cpp">
      <Filter>code</Filter>
    </ClCompile>
    <ClCompile Include="code\22_3_18-simple-bank-system.cpp">
      <Filter>code</Filter>
    </ClCompile>
    <ClCompile Include="code\22_4_6-minimum-height-trees.cpp">
      <Filter>code</Filter>
    </ClCompile>
    <ClCompile Include="code\22_4_5-prime-number-of-set-bits-in-binary-representation.cpp">
      <Filter>code</Filter>
    </ClCompile>
    <ClCompile Include="code\22_4_4-range-sum-query-mutable.cpp">
      <Filter>code</Filter>
    </ClCompile>
    <ClCompile Include="code\22_4_3-find-smallest-letter-greater-than-target.cpp">
      <Filter>code</Filter>
    </ClCompile>
    <ClCompile Include="code\22_4_2-strong-password-checker.cpp">
      <Filter>code</Filter>
    </ClCompile>
    <ClCompile Include="code\22_4_1-array-of-doubled-pairs.cpp">
      <Filter>code</Filter>
    </ClCompile>
    <ClCompile Include="code\22_3_17-longest-word-in-dictionary.cpp">
      <Filter>code</Filter>
    </ClCompile>
    <ClCompile Include="code\22_4_7-rotate-string.cpp">
      <Filter>code</Filter>
    </ClCompile>
    <ClCompile Include="code\22_3_16-all-oone-data-structure.cpp">
      <Filter>code</Filter>
    </ClCompile>
    <ClCompile Include="code\22_3_15-count-number-of-maximum-bitwise-or-subsets.cpp">
      <Filter>code</Filter>
    </ClCompile>
    <ClCompile Include="code\22_3_14-minimum-index-sum-of-two-lists.cpp">
      <Filter>code</Filter>
    </ClCompile>
    <ClCompile Include="code\22_3_13-utf-8-validation.cpp">
      <Filter>code</Filter>
    </ClCompile>
    <ClCompile Include="code\22_3_12-n-ary-tree-postorder-traversal.cpp">
      <Filter>code</Filter>
    </ClCompile>
    <ClCompile Include="code\22_4_8-n-ary-tree-level-order-traversal.cpp">
      <Filter>code</Filter>
    </ClCompile>
    <ClCompile Include="code\22_4_9-reaching-points.cpp">
      <Filter>code</Filter>
    </ClCompile>
    <ClCompile Include="code\22_4_10-unique-morse-code-words.cpp">
      <Filter>code</Filter>
    </ClCompile>
    <ClCompile Include="code\22_4_11-count-numbers-with-unique-digits.cpp">
      <Filter>code</Filter>
    </ClCompile>
    <ClCompile Include="code\22_4_12-number-of-lines-to-write-string.cpp">
      <Filter>code</Filter>
    </ClCompile>
    <ClCompile Include="code\22_5_9-di-string-match.cpp">
      <Filter>code</Filter>
    </ClCompile>
    <ClCompile Include="code\22_5_8-find-all-duplicates-in-an-array.cpp">
      <Filter>code</Filter>
    </ClCompile>
    <ClCompile Include="code\22_5_7-minimum-genetic-mutation.cpp">
      <Filter>code</Filter>
    </ClCompile>
    <ClCompile Include="code\22_5_11-serialize-and-deserialize-bst.cpp">
      <Filter>code</Filter>
    </ClCompile>
    <ClCompile Include="code\22_5_11-serialize-and-deserialize-binary-tree.cpp">
      <Filter>code</Filter>
    </ClCompile>
    <ClCompile Include="code\22_5_12-delete-columns-to-make-sorted.cpp">
      <Filter>code</Filter>
    </ClCompile>
    <ClCompile Include="code\22_5_13-one-away-lcci.cpp">
      <Filter>code</Filter>
    </ClCompile>
    <ClCompile Include="code\22_5_13-edit-distance.cpp">
      <Filter>code</Filter>
    </ClCompile>
    <ClCompile Include="code\22_5_14-stickers-to-spell-word.cpp">
      <Filter>code</Filter>
    </ClCompile>
    <ClCompile Include="code\22_5_15-largest-triangle-area.cpp">
      <Filter>code</Filter>
    </ClCompile>
    <ClCompile Include="code\22_5_6-number-of-recent-calls.cpp">
      <Filter>code</Filter>
    </ClCompile>
    <ClCompile Include="code\22_5_5-subarray-product-less-than-k.cpp">
      <Filter>code</Filter>
    </ClCompile>
    <ClCompile Include="code\22_5_4-find-the-winner-of-the-circular-game.cpp">
      <Filter>code</Filter>
    </ClCompile>
    <ClCompile Include="code\22_5_3-reorder-data-in-log-files.cpp">
      <Filter>code</Filter>
    </ClCompile>
    <ClCompile Include="code\22_5_2-tag-validator.cpp">
      <Filter>code</Filter>
    </ClCompile>
    <ClCompile Include="code\22_5_1-all-elements-in-two-binary-search-trees.cpp">
      <Filter>code</Filter>
    </ClCompile>
    <ClCompile Include="code\22_5_16-successor-lcci.cpp">
      <Filter>code</Filter>
    </ClCompile>
    <ClCompile Include="code\22_4_13-insert-delete-getrandom-o1.cpp">
      <Filter>code</Filter>
    </ClCompile>
    <ClCompile Include="code\22_4_14-richest-customer-wealth.cpp">
      <Filter>code</Filter>
    </ClCompile>
    <ClCompile Include="code\22_4_15-mini-parser.cpp">
      <Filter>code</Filter>
    </ClCompile>
    <ClCompile Include="code\22_4_16-largest-palindrome-product.cpp">
      <Filter>code</Filter>
    </ClCompile>
    <ClCompile Include="code\22_4_17-most-common-word.cpp">
      <Filter>code</Filter>
    </ClCompile>
    <ClCompile Include="code\22_5_17-verifying-an-alien-dictionary.cpp">
      <Filter>code</Filter>
    </ClCompile>
    <ClCompile Include="code\22_4_18-lexicographical-numbers.cpp">
      <Filter>code</Filter>
    </ClCompile>
    <ClCompile Include="code\22_4_19-shortest-distance-to-a-character.cpp">
      <Filter>code</Filter>
    </ClCompile>
    <ClCompile Include="code\22_5_18-kth-smallest-number-in-multiplication-table.cpp">
      <Filter>code</Filter>
    </ClCompile>
    <ClCompile Include="code\22_5_19-minimum-moves-to-equal-array-elements-ii.cpp">
      <Filter>code</Filter>
    </ClCompile>
    <ClCompile Include="code\22_5_19-kth-largest-element-in-an-array.cpp">
      <Filter>code</Filter>
    </ClCompile>
    <ClCompile Include="code\22_5_19-find-kth-largest-xor-coordinate-value.cpp">
      <Filter>code</Filter>
    </ClCompile>
    <ClCompile Include="code\22_5_20-find-right-interval.cpp">
      <Filter>code</Filter>
    </ClCompile>
    <ClCompile Include="code\22_5_21-n-repeated-element-in-size-2n-array.cpp">
      <Filter>code</Filter>
    </ClCompile>
    <ClCompile Include="code\22_5_22-can-i-win.cpp">
      <Filter>code</Filter>
    </ClCompile>
    <ClCompile Include="code\22_5_22-nim-game.cpp">
      <Filter>code</Filter>
    </ClCompile>
    <ClCompile Include="code\22_5_23-cut-off-trees-for-golf-event.cpp">
      <Filter>code</Filter>
    </ClCompile>
    <ClCompile Include="code\22_5_24-univalued-binary-tree.cpp">
      <Filter>code</Filter>
    </ClCompile>
    <ClCompile Include="code\22_5_25-unique-substrings-in-wraparound-string.cpp">
      <Filter>code</Filter>
    </ClCompile>
    <ClCompile Include="code\22_5_26-falling-squares.cpp">
      <Filter>code</Filter>
    </ClCompile>
    <ClCompile Include="code\22_5_27-find-closest-lcci.cpp">
      <Filter>code</Filter>
    </ClCompile>
    <ClCompile Include="code\22_5_28-remove-outermost-parentheses.cpp">
      <Filter>code</Filter>
    </ClCompile>
    <ClCompile Include="code\22_5_29-validate-ip-address.cpp">
      <Filter>code</Filter>
    </ClCompile>
    <ClCompile Include="code\22_5_30-sum-of-root-to-leaf-binary-numbers.cpp">
      <Filter>code</Filter>
    </ClCompile>
    <ClCompile Include="code\22_4_20-longest-absolute-file-path.cpp">
      <Filter>code</Filter>
    </ClCompile>
    <ClCompile Include="code\22_4_21-goat-latin.cpp">
      <Filter>code</Filter>
    </ClCompile>
    <ClCompile Include="code\22_4_22-rotate-function.cpp">
      <Filter>code</Filter>
    </ClCompile>
    <ClCompile Include="code\22_4_23-erect-the-fence.cpp">
      <Filter>code</Filter>
    </ClCompile>
    <ClCompile Include="code\22_4_24-binary-gap.cpp">
      <Filter>code</Filter>
    </ClCompile>
    <ClCompile Include="code\22_4_25-random-pick-index.cpp">
      <Filter>code</Filter>
    </ClCompile>
    <ClCompile Include="code\22_4_26-projection-area-of-3d-shapes.cpp">
      <Filter>code</Filter>
    </ClCompile>
    <ClCompile Include="code\22_6_5-generate-random-point-in-a-circle.cpp">
      <Filter>code</Filter>
    </ClCompile>
    <ClCompile Include="code\22_6_4-unique-email-addresses.cpp">
      <Filter>code</Filter>
    </ClCompile>
    <ClCompile Include="code\22_6_3-consecutive-numbers-sum.cpp">
      <Filter>code</Filter>
    </ClCompile>
    <ClCompile Include="code\22_6_2-delete-node-in-a-bst.cpp">
      <Filter>code</Filter>
    </ClCompile>
    <ClCompile Include="code\22_6_1-matchsticks-to-square.cpp">
      <Filter>code</Filter>
    </ClCompile>
    <ClCompile Include="code\22_6_1-partition-to-k-equal-sum-subsets.cpp">
      <Filter>code</Filter>
    </ClCompile>
  </ItemGroup>
  <ItemGroup>
    <ClInclude Include="code\Print.h">
      <Filter>code</Filter>
    </ClInclude>
    <ClInclude Include="code\LinkList.h">
      <Filter>code</Filter>
    </ClInclude>
    <ClInclude Include="code\BinaryTree.h">
      <Filter>code</Filter>
    </ClInclude>
    <ClInclude Include="code\NAryTree.h">
      <Filter>code</Filter>
    </ClInclude>
  </ItemGroup>
</Project>