<?xml version="1.0" encoding="utf-8"?>
<Project ToolsVersion="4.0" xmlns="http://schemas.microsoft.com/developer/msbuild/2003">
  <ItemGroup>
    <Filter Include="code">
      <UniqueIdentifier>{23defae4-adc7-40a5-a6fe-f1dae10b67b2}</UniqueIdentifier>
    </Filter>
  </ItemGroup>
  <ItemGroup>
    <ClCompile Include="code\21_8_28-sum_for_onedimenarray.cpp">
      <Filter>code</Filter>
    </ClCompile>
    <ClCompile Include="code\main.cpp">
      <Filter>code</Filter>
    </ClCompile>
    <ClCompile Include="code\Print.cpp">
      <Filter>code</Filter>
    </ClCompile>
    <ClCompile Include="code\21_8_29-sum_for_oddlength_array.cpp">
      <Filter>code</Filter>
    </ClCompile>
    <ClCompile Include="code\21_9_2-linedlist_get_reciprocal.cpp">
      <Filter>code</Filter>
    </ClCompile>
    <ClCompile Include="code\LinkList.cpp">
      <Filter>code</Filter>
    </ClCompile>
    <ClCompile Include="code\21_9_5-rank7_gene_rank10.cpp">
      <Filter>code</Filter>
    </ClCompile>
  </ItemGroup>
  <ItemGroup>
    <ClInclude Include="code\Print.h">
      <Filter>code</Filter>
    </ClInclude>
    <ClInclude Include="code\LinkList.h">
      <Filter>code</Filter>
    </ClInclude>
  </ItemGroup>
</Project>