<?xml version="1.0" encoding="utf-8"?>
<Project ToolsVersion="4.0" xmlns="http://schemas.microsoft.com/developer/msbuild/2003">
  <ItemGroup>
    <Filter Include="code">
      <UniqueIdentifier>{23defae4-adc7-40a5-a6fe-f1dae10b67b2}</UniqueIdentifier>
    </Filter>
  </ItemGroup>
  <ItemGroup>
    <ClCompile Include="code\21_8_28-sum_for_onedimenarray.cpp">
      <Filter>code</Filter>
    </ClCompile>
    <ClCompile Include="code\main.cpp">
      <Filter>code</Filter>
    </ClCompile>
    <ClCompile Include="code\Print.cpp">
      <Filter>code</Filter>
    </ClCompile>
    <ClCompile Include="code\21_8_29-sum_for_oddlength_array.cpp">
      <Filter>code</Filter>
    </ClCompile>
    <ClCompile Include="code\21_9_2-linedlist_get_reciprocal.cpp">
      <Filter>code</Filter>
    </ClCompile>
    <ClCompile Include="code\LinkList.cpp">
      <Filter>code</Filter>
    </ClCompile>
    <ClCompile Include="code\21_9_5-rank7_gene_rank10.cpp">
      <Filter>code</Filter>
    </ClCompile>
    <ClCompile Include="code\21_8_30-selete_num_by_weight.cpp">
      <Filter>code</Filter>
    </ClCompile>
    <ClCompile Include="code\21_9_30-area_for_retang.cpp">
      <Filter>code</Filter>
    </ClCompile>
    <ClCompile Include="code\21_10_2-dec2tohex.cpp">
      <Filter>code</Filter>
    </ClCompile>
    <ClCompile Include="code\21_10_3-fraction2todec.cpp">
      <Filter>code</Filter>
    </ClCompile>
    <ClCompile Include="code\21_10_10-sumfor_1234.cpp">
      <Filter>code</Filter>
    </ClCompile>
    <ClCompile Include="code\21_10_9-dataflow_to_array.cpp">
      <Filter>code</Filter>
    </ClCompile>
    <ClCompile Include="code\21_10_8-get_repeat_form_dna.cpp">
      <Filter>code</Filter>
    </ClCompile>
    <ClCompile Include="code\21_10_11-num_to_english_format.cpp">
      <Filter>code</Filter>
    </ClCompile>
    <ClCompile Include="code\21_11_1-distribute-candy.cpp">
      <Filter>code</Filter>
    </ClCompile>
    <ClCompile Include="code\21_10_31-words-for-keyboard.cpp">
      <Filter>code</Filter>
    </ClCompile>
    <ClCompile Include="code\21_10_30-single-number.cpp">
      <Filter>code</Filter>
    </ClCompile>
    <ClCompile Include="code\21_11_3-rainwater-connection.cpp">
      <Filter>code</Filter>
    </ClCompile>
    <ClCompile Include="code\21_11_8-game-for-guest-digital.cpp">
      <Filter>code</Filter>
    </ClCompile>
    <ClCompile Include="code\21_11_7-sum-for-range.cpp">
      <Filter>code</Filter>
    </ClCompile>
    <ClCompile Include="code\21_11_6-missing-num.cpp">
      <Filter>code</Filter>
    </ClCompile>
    <ClCompile Include="code\21_11_5-longest-arithmetic-sunsequence.cpp">
      <Filter>code</Filter>
    </ClCompile>
    <ClCompile Include="code\21_11_4-vaild-perfect-square.cpp">
      <Filter>code</Filter>
    </ClCompile>
    <ClCompile Include="code\21_11_9-zuma-gama.cpp">
      <Filter>code</Filter>
    </ClCompile>
    <ClCompile Include="code\21_11_17-maximum-product-of-word-lengths.cpp">
      <Filter>code</Filter>
    </ClCompile>
    <ClCompile Include="code\21_11_16-perfect-rectangle.cpp">
      <Filter>code</Filter>
    </ClCompile>
    <ClCompile Include="code\BinaryTree.cpp">
      <Filter>code</Filter>
    </ClCompile>
    <ClCompile Include="code\template.cpp">
      <Filter>code</Filter>
    </ClCompile>
    <ClCompile Include="code\21_11_18-binary-tree-tilt.cpp">
      <Filter>code</Filter>
    </ClCompile>
    <ClCompile Include="code\21_11_19-integer-replacement.cpp">
      <Filter>code</Filter>
    </ClCompile>
    <ClCompile Include="code\21_11_20-longest-harmonious-subsequence.cpp">
      <Filter>code</Filter>
    </ClCompile>
    <ClCompile Include="code\NAryTree.cpp">
      <Filter>code</Filter>
    </ClCompile>
    <ClCompile Include="code\21_11_21-maximux-depth-narytree.cpp">
      <Filter>code</Filter>
    </ClCompile>
    <ClCompile Include="code\21_11_15-shuffle-array.cpp">
      <Filter>code</Filter>
    </ClCompile>
    <ClCompile Include="code\21_11_22-bulb-switcher.cpp">
      <Filter>code</Filter>
    </ClCompile>
    <ClCompile Include="code\21_11_14-map-sum-pairs.cpp">
      <Filter>code</Filter>
    </ClCompile>
    <ClCompile Include="code\21_11_13-detect-capital.cpp">
      <Filter>code</Filter>
    </ClCompile>
    <ClCompile Include="code\21_11_12-guess-number-high-or-lower-ii.cpp">
      <Filter>code</Filter>
    </ClCompile>
    <ClCompile Include="code\21_11_11-k-inverse-pairs-array.cpp">
      <Filter>code</Filter>
    </ClCompile>
    <ClCompile Include="code\21_11_10-teemo-attacking.cpp">
      <Filter>code</Filter>
    </ClCompile>
    <ClCompile Include="code\21_11_23-buddy-strings.cpp">
      <Filter>code</Filter>
    </ClCompile>
    <ClCompile Include="code\21_10_29-self-crossing.cpp">
      <Filter>code</Filter>
    </ClCompile>
    <ClCompile Include="code\21_11_25-pig-die.cpp">
      <Filter>code</Filter>
    </ClCompile>
    <ClCompile Include="code\21_12_6-truncate-sentence.cpp">
      <Filter>code</Filter>
    </ClCompile>
    <ClCompile Include="code\21_12_5-super-pow.cpp">
      <Filter>code</Filter>
    </ClCompile>
    <ClCompile Include="code\21_12_7-coloring-a-border.cpp">
      <Filter>code</Filter>
    </ClCompile>
    <ClCompile Include="code\21_12_4-ransom-note.cpp">
      <Filter>code</Filter>
    </ClCompile>
    <ClCompile Include="code\21_12_3-maximize-sum-of-array-after-k-negations.cpp">
      <Filter>code</Filter>
    </ClCompile>
    <ClCompile Include="code\21_12_8-maximum-sum-of-3-non-overlapping-subarrays.cpp">
      <Filter>code</Filter>
    </ClCompile>
    <ClCompile Include="code\21_12_2-relative-ranks.cpp">
      <Filter>code</Filter>
    </ClCompile>
    <ClCompile Include="code\21_12_1-consecutive-characters.cpp">
      <Filter>code</Filter>
    </ClCompile>
  </ItemGroup>
  <ItemGroup>
    <ClInclude Include="code\Print.h">
      <Filter>code</Filter>
    </ClInclude>
    <ClInclude Include="code\LinkList.h">
      <Filter>code</Filter>
    </ClInclude>
    <ClInclude Include="code\BinaryTree.h">
      <Filter>code</Filter>
    </ClInclude>
    <ClInclude Include="code\NAryTree.h">
      <Filter>code</Filter>
    </ClInclude>
  </ItemGroup>
</Project>